// !$*UTF8*$!
{
	archiveVersion = 1;
	classes = {
	};
	objectVersion = 55;
	objects = {

/* Begin PBXBuildFile section */
		86C5461428C583F600987903 /* WeatherAppApp.swift in Sources */ = {isa = PBXBuildFile; fileRef = 86C5461328C583F600987903 /* WeatherAppApp.swift */; };
		86C5461628C583F600987903 /* ContentView.swift in Sources */ = {isa = PBXBuildFile; fileRef = 86C5461528C583F600987903 /* ContentView.swift */; };
		86C5461828C583F800987903 /* Assets.xcassets in Resources */ = {isa = PBXBuildFile; fileRef = 86C5461728C583F800987903 /* Assets.xcassets */; };
		86C5461B28C583F800987903 /* Preview Assets.xcassets in Resources */ = {isa = PBXBuildFile; fileRef = 86C5461A28C583F800987903 /* Preview Assets.xcassets */; };
		86C5462328C5849100987903 /* Wheather.swift in Sources */ = {isa = PBXBuildFile; fileRef = 86C5462228C5849100987903 /* Wheather.swift */; };
		86C5462628C587ED00987903 /* ScreenSettings.swift in Sources */ = {isa = PBXBuildFile; fileRef = 86C5462528C587ED00987903 /* ScreenSettings.swift */; };
		86C5462928C588B000987903 /* Date+Extension.swift in Sources */ = {isa = PBXBuildFile; fileRef = 86C5462828C588B000987903 /* Date+Extension.swift */; };
		86C5462B28C588E600987903 /* UserDefaults+Extension.swift in Sources */ = {isa = PBXBuildFile; fileRef = 86C5462A28C588E600987903 /* UserDefaults+Extension.swift */; };
		86C5462D28C5893700987903 /* View+Extension.swift in Sources */ = {isa = PBXBuildFile; fileRef = 86C5462C28C5893700987903 /* View+Extension.swift */; };
		86C5462F28C5896A00987903 /* String+Extension.swift in Sources */ = {isa = PBXBuildFile; fileRef = 86C5462E28C5896A00987903 /* String+Extension.swift */; };
		86C5463128C589DB00987903 /* WeatherListScreen.swift in Sources */ = {isa = PBXBuildFile; fileRef = 86C5463028C589DB00987903 /* WeatherListScreen.swift */; };
		86C5463328C58B0700987903 /* AddCityScreen.swift in Sources */ = {isa = PBXBuildFile; fileRef = 86C5463228C58B0700987903 /* AddCityScreen.swift */; };
		86C5463628C58BF600987903 /* URLImage.swift in Sources */ = {isa = PBXBuildFile; fileRef = 86C5463528C58BF600987903 /* URLImage.swift */; };
		86C5463928C58C7000987903 /* ImageLoader.swift in Sources */ = {isa = PBXBuildFile; fileRef = 86C5463828C58C7000987903 /* ImageLoader.swift */; };
		86C5463C28C58D2200987903 /* WebService.swift in Sources */ = {isa = PBXBuildFile; fileRef = 86C5463B28C58D2200987903 /* WebService.swift */; };
		86C5463F28C58D9200987903 /* Constants.swift in Sources */ = {isa = PBXBuildFile; fileRef = 86C5463E28C58D9200987903 /* Constants.swift */; };
		86C5464228C58F3500987903 /* WeatherViewModel.swift in Sources */ = {isa = PBXBuildFile; fileRef = 86C5464128C58F3500987903 /* WeatherViewModel.swift */; };
		86C5464428C58F5100987903 /* AddWeatherViewModel.swift in Sources */ = {isa = PBXBuildFile; fileRef = 86C5464328C58F5100987903 /* AddWeatherViewModel.swift */; };
/* End PBXBuildFile section */

/* Begin PBXFileReference section */
		86C5461028C583F600987903 /* WeatherApp.app */ = {isa = PBXFileReference; explicitFileType = wrapper.application; includeInIndex = 0; path = WeatherApp.app; sourceTree = BUILT_PRODUCTS_DIR; };
		86C5461328C583F600987903 /* WeatherAppApp.swift */ = {isa = PBXFileReference; lastKnownFileType = sourcecode.swift; path = WeatherAppApp.swift; sourceTree = "<group>"; };
		86C5461528C583F600987903 /* ContentView.swift */ = {isa = PBXFileReference; lastKnownFileType = sourcecode.swift; path = ContentView.swift; sourceTree = "<group>"; };
		86C5461728C583F800987903 /* Assets.xcassets */ = {isa = PBXFileReference; lastKnownFileType = folder.assetcatalog; path = Assets.xcassets; sourceTree = "<group>"; };
		86C5461A28C583F800987903 /* Preview Assets.xcassets */ = {isa = PBXFileReference; lastKnownFileType = folder.assetcatalog; path = "Preview Assets.xcassets"; sourceTree = "<group>"; };
		86C5462228C5849100987903 /* Wheather.swift */ = {isa = PBXFileReference; lastKnownFileType = sourcecode.swift; path = Wheather.swift; sourceTree = "<group>"; };
		86C5462528C587ED00987903 /* ScreenSettings.swift */ = {isa = PBXFileReference; lastKnownFileType = sourcecode.swift; path = ScreenSettings.swift; sourceTree = "<group>"; };
		86C5462828C588B000987903 /* Date+Extension.swift */ = {isa = PBXFileReference; lastKnownFileType = sourcecode.swift; path = "Date+Extension.swift"; sourceTree = "<group>"; };
		86C5462A28C588E600987903 /* UserDefaults+Extension.swift */ = {isa = PBXFileReference; lastKnownFileType = sourcecode.swift; path = "UserDefaults+Extension.swift"; sourceTree = "<group>"; };
		86C5462C28C5893700987903 /* View+Extension.swift */ = {isa = PBXFileReference; lastKnownFileType = sourcecode.swift; path = "View+Extension.swift"; sourceTree = "<group>"; };
		86C5462E28C5896A00987903 /* String+Extension.swift */ = {isa = PBXFileReference; lastKnownFileType = sourcecode.swift; path = "String+Extension.swift"; sourceTree = "<group>"; };
		86C5463028C589DB00987903 /* WeatherListScreen.swift */ = {isa = PBXFileReference; lastKnownFileType = sourcecode.swift; path = WeatherListScreen.swift; sourceTree = "<group>"; };
		86C5463228C58B0700987903 /* AddCityScreen.swift */ = {isa = PBXFileReference; lastKnownFileType = sourcecode.swift; path = AddCityScreen.swift; sourceTree = "<group>"; };
		86C5463528C58BF600987903 /* URLImage.swift */ = {isa = PBXFileReference; lastKnownFileType = sourcecode.swift; path = URLImage.swift; sourceTree = "<group>"; };
		86C5463828C58C7000987903 /* ImageLoader.swift */ = {isa = PBXFileReference; lastKnownFileType = sourcecode.swift; path = ImageLoader.swift; sourceTree = "<group>"; };
		86C5463B28C58D2200987903 /* WebService.swift */ = {isa = PBXFileReference; lastKnownFileType = sourcecode.swift; path = WebService.swift; sourceTree = "<group>"; };
		86C5463E28C58D9200987903 /* Constants.swift */ = {isa = PBXFileReference; lastKnownFileType = sourcecode.swift; path = Constants.swift; sourceTree = "<group>"; };
		86C5464128C58F3500987903 /* WeatherViewModel.swift */ = {isa = PBXFileReference; lastKnownFileType = sourcecode.swift; path = WeatherViewModel.swift; sourceTree = "<group>"; };
		86C5464328C58F5100987903 /* AddWeatherViewModel.swift */ = {isa = PBXFileReference; lastKnownFileType = sourcecode.swift; path = AddWeatherViewModel.swift; sourceTree = "<group>"; };
/* End PBXFileReference section */

/* Begin PBXFrameworksBuildPhase section */
		86C5460D28C583F600987903 /* Frameworks */ = {
			isa = PBXFrameworksBuildPhase;
			buildActionMask = 2147483647;
			files = (
			);
			runOnlyForDeploymentPostprocessing = 0;
		};
/* End PBXFrameworksBuildPhase section */

/* Begin PBXGroup section */
		86C5460728C583F600987903 = {
			isa = PBXGroup;
			children = (
				86C5461228C583F600987903 /* WeatherApp */,
				86C5461128C583F600987903 /* Products */,
			);
			sourceTree = "<group>";
		};
		86C5461128C583F600987903 /* Products */ = {
			isa = PBXGroup;
			children = (
				86C5461028C583F600987903 /* WeatherApp.app */,
			);
			name = Products;
			sourceTree = "<group>";
		};
		86C5461228C583F600987903 /* WeatherApp */ = {
			isa = PBXGroup;
			children = (
				86C5464028C58F1600987903 /* ViewModel */,
				86C5463D28C58D8100987903 /* Util */,
				86C5463A28C58D1000987903 /* Service */,
				86C5463728C58C5500987903 /* Loader */,
				86C5463428C58BD000987903 /* View */,
				86C5462728C5888300987903 /* Extension */,
				86C5462428C587B000987903 /* Screen */,
				86C5462128C5847C00987903 /* Model */,
				86C5461328C583F600987903 /* WeatherAppApp.swift */,
				86C5461528C583F600987903 /* ContentView.swift */,
				86C5461728C583F800987903 /* Assets.xcassets */,
				86C5461928C583F800987903 /* Preview Content */,
			);
			path = WeatherApp;
			sourceTree = "<group>";
		};
		86C5461928C583F800987903 /* Preview Content */ = {
			isa = PBXGroup;
			children = (
				86C5461A28C583F800987903 /* Preview Assets.xcassets */,
			);
			path = "Preview Content";
			sourceTree = "<group>";
		};
		86C5462128C5847C00987903 /* Model */ = {
			isa = PBXGroup;
			children = (
				86C5462228C5849100987903 /* Wheather.swift */,
			);
			path = Model;
			sourceTree = "<group>";
		};
		86C5462428C587B000987903 /* Screen */ = {
			isa = PBXGroup;
			children = (
				86C5462528C587ED00987903 /* ScreenSettings.swift */,
				86C5463028C589DB00987903 /* WeatherListScreen.swift */,
				86C5463228C58B0700987903 /* AddCityScreen.swift */,
			);
			path = Screen;
			sourceTree = "<group>";
		};
		86C5462728C5888300987903 /* Extension */ = {
			isa = PBXGroup;
			children = (
				86C5462828C588B000987903 /* Date+Extension.swift */,
				86C5462A28C588E600987903 /* UserDefaults+Extension.swift */,
				86C5462C28C5893700987903 /* View+Extension.swift */,
				86C5462E28C5896A00987903 /* String+Extension.swift */,
			);
			path = Extension;
			sourceTree = "<group>";
		};
		86C5463428C58BD000987903 /* View */ = {
			isa = PBXGroup;
			children = (
				86C5463528C58BF600987903 /* URLImage.swift */,
			);
			path = View;
			sourceTree = "<group>";
		};
		86C5463728C58C5500987903 /* Loader */ = {
			isa = PBXGroup;
			children = (
				86C5463828C58C7000987903 /* ImageLoader.swift */,
			);
			path = Loader;
			sourceTree = "<group>";
		};
		86C5463A28C58D1000987903 /* Service */ = {
			isa = PBXGroup;
			children = (
				86C5463B28C58D2200987903 /* WebService.swift */,
			);
			path = Service;
			sourceTree = "<group>";
		};
		86C5463D28C58D8100987903 /* Util */ = {
			isa = PBXGroup;
			children = (
				86C5463E28C58D9200987903 /* Constants.swift */,
			);
			path = Util;
			sourceTree = "<group>";
		};
		86C5464028C58F1600987903 /* ViewModel */ = {
			isa = PBXGroup;
			children = (
				86C5464128C58F3500987903 /* WeatherViewModel.swift */,
				86C5464328C58F5100987903 /* AddWeatherViewModel.swift */,
			);
			path = ViewModel;
			sourceTree = "<group>";
		};
/* End PBXGroup section */

/* Begin PBXNativeTarget section */
		86C5460F28C583F600987903 /* WeatherApp */ = {
			isa = PBXNativeTarget;
			buildConfigurationList = 86C5461E28C583F800987903 /* Build configuration list for PBXNativeTarget "WeatherApp" */;
			buildPhases = (
				86C5460C28C583F600987903 /* Sources */,
				86C5460D28C583F600987903 /* Frameworks */,
				86C5460E28C583F600987903 /* Resources */,
			);
			buildRules = (
			);
			dependencies = (
			);
			name = WeatherApp;
			productName = WeatherApp;
			productReference = 86C5461028C583F600987903 /* WeatherApp.app */;
			productType = "com.apple.product-type.application";
		};
/* End PBXNativeTarget section */

/* Begin PBXProject section */
		86C5460828C583F600987903 /* Project object */ = {
			isa = PBXProject;
			attributes = {
				BuildIndependentTargetsInParallel = 1;
				LastSwiftUpdateCheck = 1340;
				LastUpgradeCheck = 1340;
				TargetAttributes = {
					86C5460F28C583F600987903 = {
						CreatedOnToolsVersion = 13.4.1;
					};
				};
			};
			buildConfigurationList = 86C5460B28C583F600987903 /* Build configuration list for PBXProject "WeatherApp" */;
			compatibilityVersion = "Xcode 13.0";
			developmentRegion = en;
			hasScannedForEncodings = 0;
			knownRegions = (
				en,
				Base,
			);
			mainGroup = 86C5460728C583F600987903;
			productRefGroup = 86C5461128C583F600987903 /* Products */;
			projectDirPath = "";
			projectRoot = "";
			targets = (
				86C5460F28C583F600987903 /* WeatherApp */,
			);
		};
/* End PBXProject section */

/* Begin PBXResourcesBuildPhase section */
		86C5460E28C583F600987903 /* Resources */ = {
			isa = PBXResourcesBuildPhase;
			buildActionMask = 2147483647;
			files = (
				86C5461B28C583F800987903 /* Preview Assets.xcassets in Resources */,
				86C5461828C583F800987903 /* Assets.xcassets in Resources */,
			);
			runOnlyForDeploymentPostprocessing = 0;
		};
/* End PBXResourcesBuildPhase section */

/* Begin PBXSourcesBuildPhase section */
		86C5460C28C583F600987903 /* Sources */ = {
			isa = PBXSourcesBuildPhase;
			buildActionMask = 2147483647;
			files = (
				86C5463C28C58D2200987903 /* WebService.swift in Sources */,
				86C5462F28C5896A00987903 /* String+Extension.swift in Sources */,
				86C5462928C588B000987903 /* Date+Extension.swift in Sources */,
				86C5463928C58C7000987903 /* ImageLoader.swift in Sources */,
				86C5463328C58B0700987903 /* AddCityScreen.swift in Sources */,
				86C5463128C589DB00987903 /* WeatherListScreen.swift in Sources */,
				86C5462628C587ED00987903 /* ScreenSettings.swift in Sources */,
				86C5461628C583F600987903 /* ContentView.swift in Sources */,
				86C5461428C583F600987903 /* WeatherAppApp.swift in Sources */,
				86C5464428C58F5100987903 /* AddWeatherViewModel.swift in Sources */,
				86C5462B28C588E600987903 /* UserDefaults+Extension.swift in Sources */,
				86C5464228C58F3500987903 /* WeatherViewModel.swift in Sources */,
				86C5462D28C5893700987903 /* View+Extension.swift in Sources */,
				86C5463F28C58D9200987903 /* Constants.swift in Sources */,
				86C5462328C5849100987903 /* Wheather.swift in Sources */,
				86C5463628C58BF600987903 /* URLImage.swift in Sources */,
			);
			runOnlyForDeploymentPostprocessing = 0;
		};
/* End PBXSourcesBuildPhase section */

/* Begin XCBuildConfiguration section */
		86C5461C28C583F800987903 /* Debug */ = {
			isa = XCBuildConfiguration;
			buildSettings = {
				ALWAYS_SEARCH_USER_PATHS = NO;
				CLANG_ANALYZER_NONNULL = YES;
				CLANG_ANALYZER_NUMBER_OBJECT_CONVERSION = YES_AGGRESSIVE;
				CLANG_CXX_LANGUAGE_STANDARD = "gnu++17";
				CLANG_ENABLE_MODULES = YES;
				CLANG_ENABLE_OBJC_ARC = YES;
				CLANG_ENABLE_OBJC_WEAK = YES;
				CLANG_WARN_BLOCK_CAPTURE_AUTORELEASING = YES;
				CLANG_WARN_BOOL_CONVERSION = YES;
				CLANG_WARN_COMMA = YES;
				CLANG_WARN_CONSTANT_CONVERSION = YES;
				CLANG_WARN_DEPRECATED_OBJC_IMPLEMENTATIONS = YES;
				CLANG_WARN_DIRECT_OBJC_ISA_USAGE = YES_ERROR;
				CLANG_WARN_DOCUMENTATION_COMMENTS = YES;
				CLANG_WARN_EMPTY_BODY = YES;
				CLANG_WARN_ENUM_CONVERSION = YES;
				CLANG_WARN_INFINITE_RECURSION = YES;
				CLANG_WARN_INT_CONVERSION = YES;
				CLANG_WARN_NON_LITERAL_NULL_CONVERSION = YES;
				CLANG_WARN_OBJC_IMPLICIT_RETAIN_SELF = YES;
				CLANG_WARN_OBJC_LITERAL_CONVERSION = YES;
				CLANG_WARN_OBJC_ROOT_CLASS = YES_ERROR;
				CLANG_WARN_QUOTED_INCLUDE_IN_FRAMEWORK_HEADER = YES;
				CLANG_WARN_RANGE_LOOP_ANALYSIS = YES;
				CLANG_WARN_STRICT_PROTOTYPES = YES;
				CLANG_WARN_SUSPICIOUS_MOVE = YES;
				CLANG_WARN_UNGUARDED_AVAILABILITY = YES_AGGRESSIVE;
				CLANG_WARN_UNREACHABLE_CODE = YES;
				CLANG_WARN__DUPLICATE_METHOD_MATCH = YES;
				COPY_PHASE_STRIP = NO;
				DEBUG_INFORMATION_FORMAT = dwarf;
				ENABLE_STRICT_OBJC_MSGSEND = YES;
				ENABLE_TESTABILITY = YES;
				GCC_C_LANGUAGE_STANDARD = gnu11;
				GCC_DYNAMIC_NO_PIC = NO;
				GCC_NO_COMMON_BLOCKS = YES;
				GCC_OPTIMIZATION_LEVEL = 0;
				GCC_PREPROCESSOR_DEFINITIONS = (
					"DEBUG=1",
					"$(inherited)",
				);
				GCC_WARN_64_TO_32_BIT_CONVERSION = YES;
				GCC_WARN_ABOUT_RETURN_TYPE = YES_ERROR;
				GCC_WARN_UNDECLARED_SELECTOR = YES;
				GCC_WARN_UNINITIALIZED_AUTOS = YES_AGGRESSIVE;
				GCC_WARN_UNUSED_FUNCTION = YES;
				GCC_WARN_UNUSED_VARIABLE = YES;
				IPHONEOS_DEPLOYMENT_TARGET = 15.5;
				MTL_ENABLE_DEBUG_INFO = INCLUDE_SOURCE;
				MTL_FAST_MATH = YES;
				ONLY_ACTIVE_ARCH = YES;
				SDKROOT = iphoneos;
				SWIFT_ACTIVE_COMPILATION_CONDITIONS = DEBUG;
				SWIFT_OPTIMIZATION_LEVEL = "-Onone";
			};
			name = Debug;
		};
		86C5461D28C583F800987903 /* Release */ = {
			isa = XCBuildConfiguration;
			buildSettings = {
				ALWAYS_SEARCH_USER_PATHS = NO;
				CLANG_ANALYZER_NONNULL = YES;
				CLANG_ANALYZER_NUMBER_OBJECT_CONVERSION = YES_AGGRESSIVE;
				CLANG_CXX_LANGUAGE_STANDARD = "gnu++17";
				CLANG_ENABLE_MODULES = YES;
				CLANG_ENABLE_OBJC_ARC = YES;
				CLANG_ENABLE_OBJC_WEAK = YES;
				CLANG_WARN_BLOCK_CAPTURE_AUTORELEASING = YES;
				CLANG_WARN_BOOL_CONVERSION = YES;
				CLANG_WARN_COMMA = YES;
				CLANG_WARN_CONSTANT_CONVERSION = YES;
				CLANG_WARN_DEPRECATED_OBJC_IMPLEMENTATIONS = YES;
				CLANG_WARN_DIRECT_OBJC_ISA_USAGE = YES_ERROR;
				CLANG_WARN_DOCUMENTATION_COMMENTS = YES;
				CLANG_WARN_EMPTY_BODY = YES;
				CLANG_WARN_ENUM_CONVERSION = YES;
				CLANG_WARN_INFINITE_RECURSION = YES;
				CLANG_WARN_INT_CONVERSION = YES;
				CLANG_WARN_NON_LITERAL_NULL_CONVERSION = YES;
				CLANG_WARN_OBJC_IMPLICIT_RETAIN_SELF = YES;
				CLANG_WARN_OBJC_LITERAL_CONVERSION = YES;
				CLANG_WARN_OBJC_ROOT_CLASS = YES_ERROR;
				CLANG_WARN_QUOTED_INCLUDE_IN_FRAMEWORK_HEADER = YES;
				CLANG_WARN_RANGE_LOOP_ANALYSIS = YES;
				CLANG_WARN_STRICT_PROTOTYPES = YES;
				CLANG_WARN_SUSPICIOUS_MOVE = YES;
				CLANG_WARN_UNGUARDED_AVAILABILITY = YES_AGGRESSIVE;
				CLANG_WARN_UNREACHABLE_CODE = YES;
				CLANG_WARN__DUPLICATE_METHOD_MATCH = YES;
				COPY_PHASE_STRIP = NO;
				DEBUG_INFORMATION_FORMAT = "dwarf-with-dsym";
				ENABLE_NS_ASSERTIONS = NO;
				ENABLE_STRICT_OBJC_MSGSEND = YES;
				GCC_C_LANGUAGE_STANDARD = gnu11;
				GCC_NO_COMMON_BLOCKS = YES;
				GCC_WARN_64_TO_32_BIT_CONVERSION = YES;
				GCC_WARN_ABOUT_RETURN_TYPE = YES_ERROR;
				GCC_WARN_UNDECLARED_SELECTOR = YES;
				GCC_WARN_UNINITIALIZED_AUTOS = YES_AGGRESSIVE;
				GCC_WARN_UNUSED_FUNCTION = YES;
				GCC_WARN_UNUSED_VARIABLE = YES;
				IPHONEOS_DEPLOYMENT_TARGET = 15.5;
				MTL_ENABLE_DEBUG_INFO = NO;
				MTL_FAST_MATH = YES;
				SDKROOT = iphoneos;
				SWIFT_COMPILATION_MODE = wholemodule;
				SWIFT_OPTIMIZATION_LEVEL = "-O";
				VALIDATE_PRODUCT = YES;
			};
			name = Release;
		};
		86C5461F28C583F800987903 /* Debug */ = {
			isa = XCBuildConfiguration;
			buildSettings = {
				ASSETCATALOG_COMPILER_APPICON_NAME = AppIcon;
				ASSETCATALOG_COMPILER_GLOBAL_ACCENT_COLOR_NAME = AccentColor;
				CODE_SIGN_STYLE = Automatic;
				CURRENT_PROJECT_VERSION = 1;
				DEVELOPMENT_ASSET_PATHS = "\"WeatherApp/Preview Content\"";
				DEVELOPMENT_TEAM = 7J27C6KE2Q;
				ENABLE_PREVIEWS = YES;
				GENERATE_INFOPLIST_FILE = YES;
				INFOPLIST_KEY_UIApplicationSceneManifest_Generation = YES;
				INFOPLIST_KEY_UIApplicationSupportsIndirectInputEvents = YES;
				INFOPLIST_KEY_UILaunchScreen_Generation = YES;
				INFOPLIST_KEY_UISupportedInterfaceOrientations_iPad = "UIInterfaceOrientationPortrait UIInterfaceOrientationPortraitUpsideDown UIInterfaceOrientationLandscapeLeft UIInterfaceOrientationLandscapeRight";
				INFOPLIST_KEY_UISupportedInterfaceOrientations_iPhone = "UIInterfaceOrientationPortrait UIInterfaceOrientationLandscapeLeft UIInterfaceOrientationLandscapeRight";
				LD_RUNPATH_SEARCH_PATHS = (
					"$(inherited)",
					"@executable_path/Frameworks",
				);
				MARKETING_VERSION = 1.0;
				PRODUCT_BUNDLE_IDENTIFIER = OnceDev.WeatherApp;
				PRODUCT_NAME = "$(TARGET_NAME)";
				SWIFT_EMIT_LOC_STRINGS = YES;
				SWIFT_VERSION = 5.0;
				TARGETED_DEVICE_FAMILY = "1,2";
			};
			name = Debug;
		};
		86C5462028C583F800987903 /* Release */ = {
			isa = XCBuildConfiguration;
			buildSettings = {
				ASSETCATALOG_COMPILER_APPICON_NAME = AppIcon;
				ASSETCATALOG_COMPILER_GLOBAL_ACCENT_COLOR_NAME = AccentColor;
				CODE_SIGN_STYLE = Automatic;
				CURRENT_PROJECT_VERSION = 1;
				DEVELOPMENT_ASSET_PATHS = "\"WeatherApp/Preview Content\"";
				DEVELOPMENT_TEAM = 7J27C6KE2Q;
				ENABLE_PREVIEWS = YES;
				GENERATE_INFOPLIST_FILE = YES;
				INFOPLIST_KEY_UIApplicationSceneManifest_Generation = YES;
				INFOPLIST_KEY_UIApplicationSupportsIndirectInputEvents = YES;
				INFOPLIST_KEY_UILaunchScreen_Generation = YES;
				INFOPLIST_KEY_UISupportedInterfaceOrientations_iPad = "UIInterfaceOrientationPortrait UIInterfaceOrientationPortraitUpsideDown UIInterfaceOrientationLandscapeLeft UIInterfaceOrientationLandscapeRight";
				INFOPLIST_KEY_UISupportedInterfaceOrientations_iPhone = "UIInterfaceOrientationPortrait UIInterfaceOrientationLandscapeLeft UIInterfaceOrientationLandscapeRight";
				LD_RUNPATH_SEARCH_PATHS = (
					"$(inherited)",
					"@executable_path/Frameworks",
				);
				MARKETING_VERSION = 1.0;
				PRODUCT_BUNDLE_IDENTIFIER = OnceDev.WeatherApp;
				PRODUCT_NAME = "$(TARGET_NAME)";
				SWIFT_EMIT_LOC_STRINGS = YES;
				SWIFT_VERSION = 5.0;
				TARGETED_DEVICE_FAMILY = "1,2";
			};
			name = Release;
		};
/* End XCBuildConfiguration section */

/* Begin XCConfigurationList section */
		86C5460B28C583F600987903 /* Build configuration list for PBXProject "WeatherApp" */ = {
			isa = XCConfigurationList;
			buildConfigurations = (
				86C5461C28C583F800987903 /* Debug */,
				86C5461D28C583F800987903 /* Release */,
			);
			defaultConfigurationIsVisible = 0;
			defaultConfigurationName = Release;
		};
		86C5461E28C583F800987903 /* Build configuration list for PBXNativeTarget "WeatherApp" */ = {
			isa = XCConfigurationList;
			buildConfigurations = (
				86C5461F28C583F800987903 /* Debug */,
				86C5462028C583F800987903 /* Release */,
			);
			defaultConfigurationIsVisible = 0;
			defaultConfigurationName = Release;
		};
/* End XCConfigurationList section */
	};
	rootObject = 86C5460828C583F600987903 /* Project object */;
}
